
Microsoft Visual Studio Solution File, Format Version 12.00
# Visual Studio 15
VisualStudioVersion = 15.0.28307.779
MinimumVisualStudioVersion = 10.0.40219.1
Project("{FAE04EC0-301F-11D3-BF4B-00C04F79EFBC}") = "Collection(Stack)", "Collection(Stack)\Collection(Stack).csproj", "{413C1242-654E-4095-9302-17BDF766C3CA}"
EndProject
Global
	GlobalSection(SolutionConfigurationPlatforms) = preSolution
		Debug|Any CPU = Debug|Any CPU
		Release|Any CPU = Release|Any CPU
	EndGlobalSection
	GlobalSection(ProjectConfigurationPlatforms) = postSolution
		{413C1242-654E-4095-9302-17BDF766C3CA}.Debug|Any CPU.ActiveCfg = Debug|Any CPU
		{413C1242-654E-4095-9302-17BDF766C3CA}.Debug|Any CPU.Build.0 = Debug|Any CPU
		{413C1242-654E-4095-9302-17BDF766C3CA}.Release|Any CPU.ActiveCfg = Release|Any CPU
		{413C1242-654E-4095-9302-17BDF766C3CA}.Release|Any CPU.Build.0 = Release|Any CPU
	EndGlobalSection
	GlobalSection(SolutionProperties) = preSolution
		HideSolutionNode = FALSE
	EndGlobalSection
	GlobalSection(ExtensibilityGlobals) = postSolution
		SolutionGuid = {3E00F1BC-8B5E-4BC4-9C8C-C4F8A34CD86B}
	EndGlobalSection
EndGlobal
